# THIS IS AN AUTOGENERATED FILE. DO NOT EDIT THIS FILE DIRECTLY.
# yarn lockfile v1


asap@~1.0.0:
  version "1.0.0"
  resolved "https://registry.yarnpkg.com/asap/-/asap-1.0.0.tgz#b2a45da5fdfa20b0496fc3768cc27c12fa916a7d"

balanced-match@^1.0.0:
  version "1.0.0"
  resolved "https://registry.yarnpkg.com/balanced-match/-/balanced-match-1.0.0.tgz#89b4d199ab2bee49de164ea02b89ce462d71b767"

brace-expansion@^1.1.7:
  version "1.1.11"
  resolved "https://registry.yarnpkg.com/brace-expansion/-/brace-expansion-1.1.11.tgz#3c7fcbf529d87226f3d2f52b966ff5271eb441dd"
  dependencies:
    balanced-match "^1.0.0"
    concat-map "0.0.1"

commander@~2.15.0:
  version "2.15.1"
  resolved "https://registry.yarnpkg.com/commander/-/commander-2.15.1.tgz#df46e867d0fc2aec66a34662b406a9ccafff5b0f"

concat-map@0.0.1:
  version "0.0.1"
  resolved "https://registry.yarnpkg.com/concat-map/-/concat-map-0.0.1.tgz#d8a96bd77fd68df7793a73036a3ba0d5405d477b"

debug@^2.1.0:
  version "2.6.9"
  resolved "https://registry.yarnpkg.com/debug/-/debug-2.6.9.tgz#5d128515df134ff327e90a4c93f4e077a536341f"
  dependencies:
    ms "2.0.0"

finder-on-steroids@^0.4.0:
  version "0.4.0"
  resolved "https://registry.yarnpkg.com/finder-on-steroids/-/finder-on-steroids-0.4.0.tgz#4f185d0fbb85ebbb57cad5acc8251aad72481d69"
  dependencies:
    minimatch "^3.0.3"
    readdir-on-steroids "^0.2.2"

minimatch@^3.0.3:
  version "3.0.4"
  resolved "https://registry.yarnpkg.com/minimatch/-/minimatch-3.0.4.tgz#5166e286457f03306064be5497e8dbb0c3d32083"
  dependencies:
    brace-expansion "^1.1.7"

ms@2.0.0:
  version "2.0.0"
  resolved "https://registry.yarnpkg.com/ms/-/ms-2.0.0.tgz#5608aeadfc00be6c2901df5f9861788de0d597c8"

promise@~4.0.0:
  version "4.0.0"
  resolved "https://registry.yarnpkg.com/promise/-/promise-4.0.0.tgz#72d9657988f5e87528293686c61a345ed2054c46"
  dependencies:
    asap "~1.0.0"

readdir-on-steroids@^0.2.2:
  version "0.2.2"
  resolved "https://registry.yarnpkg.com/readdir-on-steroids/-/readdir-on-steroids-0.2.2.tgz#2bf4403d6ec672deeba50f6db5611ee7d36cc85a"
  dependencies:
    promise "~4.0.0"

source-map@~0.6.1:
  version "0.6.1"
  resolved "https://registry.yarnpkg.com/source-map/-/source-map-0.6.1.tgz#74722af32e9614e9c287a8d0bbde48b5e2f1a263"

uglify-js@^3.3.28:
  version "3.4.0"
  resolved "https://registry.yarnpkg.com/uglify-js/-/uglify-js-3.4.0.tgz#796762282b5b5f0eafe7d5c8c708d1d7bd5ba11d"
  dependencies:
    commander "~2.15.0"
    source-map "~0.6.1"
